
Microsoft Visual Studio Solution File, Format Version 12.00
# Visual Studio Version 16
VisualStudioVersion = 16.0.32106.194
MinimumVisualStudioVersion = 10.0.40219.1
Project("{FAE04EC0-301F-11D3-BF4B-00C04F79EFBC}") = "shopping-basket", "shopping-basket\shopping-basket.csproj", "{C93171BF-0B14-4569-8011-9E616C7F1A17}"
EndProject
Global
	GlobalSection(SolutionConfigurationPlatforms) = preSolution
		Debug|Any CPU = Debug|Any CPU
		Release|Any CPU = Release|Any CPU
	EndGlobalSection
	GlobalSection(ProjectConfigurationPlatforms) = postSolution
		{C93171BF-0B14-4569-8011-9E616C7F1A17}.Debug|Any CPU.ActiveCfg = Debug|Any CPU
		{C93171BF-0B14-4569-8011-9E616C7F1A17}.Debug|Any CPU.Build.0 = Debug|Any CPU
		{C93171BF-0B14-4569-8011-9E616C7F1A17}.Release|Any CPU.ActiveCfg = Release|Any CPU
		{C93171BF-0B14-4569-8011-9E616C7F1A17}.Release|Any CPU.Build.0 = Release|Any CPU
	EndGlobalSection
	GlobalSection(SolutionProperties) = preSolution
		HideSolutionNode = FALSE
	EndGlobalSection
	GlobalSection(ExtensibilityGlobals) = postSolution
		SolutionGuid = {18E758ED-ECF2-4FC3-868E-F981EA3D7296}
	EndGlobalSection
EndGlobal
